
Microsoft Visual Studio Solution File, Format Version 12.00
# Visual Studio Version 17
VisualStudioVersion = 17.9.34622.214
MinimumVisualStudioVersion = 10.0.40219.1
Project("{8BC9CEB8-8B4A-11D0-8D11-00A0C91BC942}") = "JAApp", "JAApp\JAApp.vcxproj", "{4D301275-F835-4E43-A112-7EA12B4F1195}"
	ProjectSection(ProjectDependencies) = postProject
		{4FA39E28-358A-4F3B-9921-0D9B15B4F3EB} = {4FA39E28-358A-4F3B-9921-0D9B15B4F3EB}
	EndProjectSection
EndProject
Project("{8BC9CEB8-8B4A-11D0-8D11-00A0C91BC942}") = "JADll", "JADll\JADll.vcxproj", "{4FA39E28-358A-4F3B-9921-0D9B15B4F3EB}"
EndProject
Global
	GlobalSection(SolutionConfigurationPlatforms) = preSolution
		Debug|x64 = Debug|x64
		Debug|x86 = Debug|x86
		Release|x64 = Release|x64
		Release|x86 = Release|x86
	EndGlobalSection
	GlobalSection(ProjectConfigurationPlatforms) = postSolution
		{4D301275-F835-4E43-A112-7EA12B4F1195}.Debug|x64.ActiveCfg = Debug|x64
		{4D301275-F835-4E43-A112-7EA12B4F1195}.Debug|x64.Build.0 = Debug|x64
		{4D301275-F835-4E43-A112-7EA12B4F1195}.Debug|x86.ActiveCfg = Debug|Win32
		{4D301275-F835-4E43-A112-7EA12B4F1195}.Debug|x86.Build.0 = Debug|Win32
		{4D301275-F835-4E43-A112-7EA12B4F1195}.Release|x64.ActiveCfg = Release|x64
		{4D301275-F835-4E43-A112-7EA12B4F1195}.Release|x64.Build.0 = Release|x64
		{4D301275-F835-4E43-A112-7EA12B4F1195}.Release|x86.ActiveCfg = Release|Win32
		{4D301275-F835-4E43-A112-7EA12B4F1195}.Release|x86.Build.0 = Release|Win32
		{4FA39E28-358A-4F3B-9921-0D9B15B4F3EB}.Debug|x64.ActiveCfg = Debug|x64
		{4FA39E28-358A-4F3B-9921-0D9B15B4F3EB}.Debug|x64.Build.0 = Debug|x64
		{4FA39E28-358A-4F3B-9921-0D9B15B4F3EB}.Debug|x86.ActiveCfg = Debug|Win32
		{4FA39E28-358A-4F3B-9921-0D9B15B4F3EB}.Debug|x86.Build.0 = Debug|Win32
		{4FA39E28-358A-4F3B-9921-0D9B15B4F3EB}.Release|x64.ActiveCfg = Release|x64
		{4FA39E28-358A-4F3B-9921-0D9B15B4F3EB}.Release|x64.Build.0 = Release|x64
		{4FA39E28-358A-4F3B-9921-0D9B15B4F3EB}.Release|x86.ActiveCfg = Release|Win32
		{4FA39E28-358A-4F3B-9921-0D9B15B4F3EB}.Release|x86.Build.0 = Release|Win32
	EndGlobalSection
	GlobalSection(SolutionProperties) = preSolution
		HideSolutionNode = FALSE
	EndGlobalSection
	GlobalSection(ExtensibilityGlobals) = postSolution
		SolutionGuid = {EA452992-7767-435F-8CDA-668E05C7386F}
	EndGlobalSection
EndGlobal
